
Microsoft Visual Studio Solution File, Format Version 12.00
Project("{FAE04EC0-301F-11D3-BF4B-00C04F79EFBC}") = "MediaNetServer", "MediaNetServer\MediaNetServer.csproj", "{6A0CEC81-2609-477F-968F-D12D199BDF93}"
EndProject
Global
	GlobalSection(SolutionConfigurationPlatforms) = preSolution
		Debug|Any CPU = Debug|Any CPU
		Release|Any CPU = Release|Any CPU
	EndGlobalSection
	GlobalSection(ProjectConfigurationPlatforms) = postSolution
		{6A0CEC81-2609-477F-968F-D12D199BDF93}.Debug|Any CPU.ActiveCfg = Debug|Any CPU
		{6A0CEC81-2609-477F-968F-D12D199BDF93}.Debug|Any CPU.Build.0 = Debug|Any CPU
		{6A0CEC81-2609-477F-968F-D12D199BDF93}.Release|Any CPU.ActiveCfg = Release|Any CPU
		{6A0CEC81-2609-477F-968F-D12D199BDF93}.Release|Any CPU.Build.0 = Release|Any CPU
	EndGlobalSection
EndGlobal
